// !$*UTF8*$!
{
	archiveVersion = 1;
	classes = {
	};
	objectVersion = 77;
	objects = {

/* Begin PBXContainerItemProxy section */
		DCFC24832CFF094C000B4242 /* PBXContainerItemProxy */ = {
			isa = PBXContainerItemProxy;
			containerPortal = DCFC24642CFF094A000B4242 /* Project object */;
			proxyType = 1;
			remoteGlobalIDString = DCFC246B2CFF094A000B4242;
			remoteInfo = iOSMiniProject;
		};
		DCFC248D2CFF094C000B4242 /* PBXContainerItemProxy */ = {
			isa = PBXContainerItemProxy;
			containerPortal = DCFC24642CFF094A000B4242 /* Project object */;
			proxyType = 1;
			remoteGlobalIDString = DCFC246B2CFF094A000B4242;
			remoteInfo = iOSMiniProject;
		};
/* End PBXContainerItemProxy section */

/* Begin PBXFileReference section */
		DCFC246C2CFF094A000B4242 /* iOSMiniProject.app */ = {isa = PBXFileReference; explicitFileType = wrapper.application; includeInIndex = 0; path = iOSMiniProject.app; sourceTree = BUILT_PRODUCTS_DIR; };
		DCFC24822CFF094C000B4242 /* iOSMiniProjectTests.xctest */ = {isa = PBXFileReference; explicitFileType = wrapper.cfbundle; includeInIndex = 0; path = iOSMiniProjectTests.xctest; sourceTree = BUILT_PRODUCTS_DIR; };
		DCFC248C2CFF094C000B4242 /* iOSMiniProjectUITests.xctest */ = {isa = PBXFileReference; explicitFileType = wrapper.cfbundle; includeInIndex = 0; path = iOSMiniProjectUITests.xctest; sourceTree = BUILT_PRODUCTS_DIR; };
/* End PBXFileReference section */

/* Begin PBXFileSystemSynchronizedBuildFileExceptionSet section */
		DCFC24942CFF094C000B4242 /* Exceptions for "iOSMiniProject" folder in "iOSMiniProject" target */ = {
			isa = PBXFileSystemSynchronizedBuildFileExceptionSet;
			membershipExceptions = (
				Info.plist,
			);
			target = DCFC246B2CFF094A000B4242 /* iOSMiniProject */;
		};
/* End PBXFileSystemSynchronizedBuildFileExceptionSet section */

/* Begin PBXFileSystemSynchronizedRootGroup section */
		DCFC246E2CFF094A000B4242 /* iOSMiniProject */ = {
			isa = PBXFileSystemSynchronizedRootGroup;
			exceptions = (
				DCFC24942CFF094C000B4242 /* Exceptions for "iOSMiniProject" folder in "iOSMiniProject" target */,
			);
			path = iOSMiniProject;
			sourceTree = "<group>";
		};
		DCFC24852CFF094C000B4242 /* iOSMiniProjectTests */ = {
			isa = PBXFileSystemSynchronizedRootGroup;
			path = iOSMiniProjectTests;
			sourceTree = "<group>";
		};
		DCFC248F2CFF094C000B4242 /* iOSMiniProjectUITests */ = {
			isa = PBXFileSystemSynchronizedRootGroup;
			path = iOSMiniProjectUITests;
			sourceTree = "<group>";
		};
/* End PBXFileSystemSynchronizedRootGroup section */

/* Begin PBXFrameworksBuildPhase section */
		DCFC24692CFF094A000B4242 /* Frameworks */ = {
			isa = PBXFrameworksBuildPhase;
			buildActionMask = 2147483647;
			files = (
			);
			runOnlyForDeploymentPostprocessing = 0;
		};
		DCFC247F2CFF094C000B4242 /* Frameworks */ = {
			isa = PBXFrameworksBuildPhase;
			buildActionMask = 2147483647;
			files = (
			);
			runOnlyForDeploymentPostprocessing = 0;
		};
		DCFC24892CFF094C000B4242 /* Frameworks */ = {
			isa = PBXFrameworksBuildPhase;
			buildActionMask = 2147483647;
			files = (
			);
			runOnlyForDeploymentPostprocessing = 0;
		};
/* End PBXFrameworksBuildPhase section */

/* Begin PBXGroup section */
		DCFC24632CFF094A000B4242 = {
			isa = PBXGroup;
			children = (
				DCFC246E2CFF094A000B4242 /* iOSMiniProject */,
				DCFC24852CFF094C000B4242 /* iOSMiniProjectTests */,
				DCFC248F2CFF094C000B4242 /* iOSMiniProjectUITests */,
				DCFC246D2CFF094A000B4242 /* Products */,
			);
			sourceTree = "<group>";
		};
		DCFC246D2CFF094A000B4242 /* Products */ = {
			isa = PBXGroup;
			children = (
				DCFC246C2CFF094A000B4242 /* iOSMiniProject.app */,
				DCFC24822CFF094C000B4242 /* iOSMiniProjectTests.xctest */,
				DCFC248C2CFF094C000B4242 /* iOSMiniProjectUITests.xctest */,
			);
			name = Products;
			sourceTree = "<group>";
		};
/* End PBXGroup section */

/* Begin PBXNativeTarget section */
		DCFC246B2CFF094A000B4242 /* iOSMiniProject */ = {
			isa = PBXNativeTarget;
			buildConfigurationList = DCFC24952CFF094C000B4242 /* Build configuration list for PBXNativeTarget "iOSMiniProject" */;
			buildPhases = (
				DCFC24682CFF094A000B4242 /* Sources */,
				DCFC24692CFF094A000B4242 /* Frameworks */,
				DCFC246A2CFF094A000B4242 /* Resources */,
			);
			buildRules = (
			);
			dependencies = (
			);
			fileSystemSynchronizedGroups = (
				DCFC246E2CFF094A000B4242 /* iOSMiniProject */,
			);
			name = iOSMiniProject;
			packageProductDependencies = (
			);
			productName = iOSMiniProject;
			productReference = DCFC246C2CFF094A000B4242 /* iOSMiniProject.app */;
			productType = "com.apple.product-type.application";
		};
		DCFC24812CFF094C000B4242 /* iOSMiniProjectTests */ = {
			isa = PBXNativeTarget;
			buildConfigurationList = DCFC249A2CFF094C000B4242 /* Build configuration list for PBXNativeTarget "iOSMiniProjectTests" */;
			buildPhases = (
				DCFC247E2CFF094C000B4242 /* Sources */,
				DCFC247F2CFF094C000B4242 /* Frameworks */,
				DCFC24802CFF094C000B4242 /* Resources */,
			);
			buildRules = (
			);
			dependencies = (
				DCFC24842CFF094C000B4242 /* PBXTargetDependency */,
			);
			fileSystemSynchronizedGroups = (
				DCFC24852CFF094C000B4242 /* iOSMiniProjectTests */,
			);
			name = iOSMiniProjectTests;
			packageProductDependencies = (
			);
			productName = iOSMiniProjectTests;
			productReference = DCFC24822CFF094C000B4242 /* iOSMiniProjectTests.xctest */;
			productType = "com.apple.product-type.bundle.unit-test";
		};
		DCFC248B2CFF094C000B4242 /* iOSMiniProjectUITests */ = {
			isa = PBXNativeTarget;
			buildConfigurationList = DCFC249D2CFF094C000B4242 /* Build configuration list for PBXNativeTarget "iOSMiniProjectUITests" */;
			buildPhases = (
				DCFC24882CFF094C000B4242 /* Sources */,
				DCFC24892CFF094C000B4242 /* Frameworks */,
				DCFC248A2CFF094C000B4242 /* Resources */,
			);
			buildRules = (
			);
			dependencies = (
				DCFC248E2CFF094C000B4242 /* PBXTargetDependency */,
			);
			fileSystemSynchronizedGroups = (
				DCFC248F2CFF094C000B4242 /* iOSMiniProjectUITests */,
			);
			name = iOSMiniProjectUITests;
			packageProductDependencies = (
			);
			productName = iOSMiniProjectUITests;
			productReference = DCFC248C2CFF094C000B4242 /* iOSMiniProjectUITests.xctest */;
			productType = "com.apple.product-type.bundle.ui-testing";
		};
/* End PBXNativeTarget section */

/* Begin PBXProject section */
		DCFC24642CFF094A000B4242 /* Project object */ = {
			isa = PBXProject;
			attributes = {
				BuildIndependentTargetsInParallel = 1;
				LastSwiftUpdateCheck = 1600;
				LastUpgradeCheck = 1600;
				TargetAttributes = {
					DCFC246B2CFF094A000B4242 = {
						CreatedOnToolsVersion = 16.0;
					};
					DCFC24812CFF094C000B4242 = {
						CreatedOnToolsVersion = 16.0;
						TestTargetID = DCFC246B2CFF094A000B4242;
					};
					DCFC248B2CFF094C000B4242 = {
						CreatedOnToolsVersion = 16.0;
						TestTargetID = DCFC246B2CFF094A000B4242;
					};
				};
			};
			buildConfigurationList = DCFC24672CFF094A000B4242 /* Build configuration list for PBXProject "iOSMiniProject" */;
			developmentRegion = en;
			hasScannedForEncodings = 0;
			knownRegions = (
				en,
				Base,
			);
			mainGroup = DCFC24632CFF094A000B4242;
			minimizedProjectReferenceProxies = 1;
			preferredProjectObjectVersion = 77;
			productRefGroup = DCFC246D2CFF094A000B4242 /* Products */;
			projectDirPath = "";
			projectRoot = "";
			targets = (
				DCFC246B2CFF094A000B4242 /* iOSMiniProject */,
				DCFC24812CFF094C000B4242 /* iOSMiniProjectTests */,
				DCFC248B2CFF094C000B4242 /* iOSMiniProjectUITests */,
			);
		};
/* End PBXProject section */

/* Begin PBXResourcesBuildPhase section */
		DCFC246A2CFF094A000B4242 /* Resources */ = {
			isa = PBXResourcesBuildPhase;
			buildActionMask = 2147483647;
			files = (
			);
			runOnlyForDeploymentPostprocessing = 0;
		};
		DCFC24802CFF094C000B4242 /* Resources */ = {
			isa = PBXResourcesBuildPhase;
			buildActionMask = 2147483647;
			files = (
			);
			runOnlyForDeploymentPostprocessing = 0;
		};
		DCFC248A2CFF094C000B4242 /* Resources */ = {
			isa = PBXResourcesBuildPhase;
			buildActionMask = 2147483647;
			files = (
			);
			runOnlyForDeploymentPostprocessing = 0;
		};
/* End PBXResourcesBuildPhase section */

/* Begin PBXSourcesBuildPhase section */
		DCFC24682CFF094A000B4242 /* Sources */ = {
			isa = PBXSourcesBuildPhase;
			buildActionMask = 2147483647;
			files = (
			);
			runOnlyForDeploymentPostprocessing = 0;
		};
		DCFC247E2CFF094C000B4242 /* Sources */ = {
			isa = PBXSourcesBuildPhase;
			buildActionMask = 2147483647;
			files = (
			);
			runOnlyForDeploymentPostprocessing = 0;
		};
		DCFC24882CFF094C000B4242 /* Sources */ = {
			isa = PBXSourcesBuildPhase;
			buildActionMask = 2147483647;
			files = (
			);
			runOnlyForDeploymentPostprocessing = 0;
		};
/* End PBXSourcesBuildPhase section */

/* Begin PBXTargetDependency section */
		DCFC24842CFF094C000B4242 /* PBXTargetDependency */ = {
			isa = PBXTargetDependency;
			target = DCFC246B2CFF094A000B4242 /* iOSMiniProject */;
			targetProxy = DCFC24832CFF094C000B4242 /* PBXContainerItemProxy */;
		};
		DCFC248E2CFF094C000B4242 /* PBXTargetDependency */ = {
			isa = PBXTargetDependency;
			target = DCFC246B2CFF094A000B4242 /* iOSMiniProject */;
			targetProxy = DCFC248D2CFF094C000B4242 /* PBXContainerItemProxy */;
		};
/* End PBXTargetDependency section */

/* Begin XCBuildConfiguration section */
		DCFC24962CFF094C000B4242 /* Debug */ = {
			isa = XCBuildConfiguration;
			buildSettings = {
				ASSETCATALOG_COMPILER_APPICON_NAME = AppIcon;
				ASSETCATALOG_COMPILER_GLOBAL_ACCENT_COLOR_NAME = AccentColor;
				CODE_SIGN_STYLE = Automatic;
				CURRENT_PROJECT_VERSION = 1;
				DEVELOPMENT_TEAM = Z42WC948D7;
				GENERATE_INFOPLIST_FILE = YES;
				INFOPLIST_FILE = iOSMiniProject/Info.plist;
				INFOPLIST_KEY_UIApplicationSupportsIndirectInputEvents = YES;
				INFOPLIST_KEY_UILaunchStoryboardName = LaunchScreen;
				INFOPLIST_KEY_UIMainStoryboardFile = Main;
				INFOPLIST_KEY_UISupportedInterfaceOrientations_iPad = "UIInterfaceOrientationPortrait UIInterfaceOrientationPortraitUpsideDown UIInterfaceOrientationLandscapeLeft UIInterfaceOrientationLandscapeRight";
				INFOPLIST_KEY_UISupportedInterfaceOrientations_iPhone = "UIInterfaceOrientationPortrait UIInterfaceOrientationLandscapeLeft UIInterfaceOrientationLandscapeRight";
				LD_RUNPATH_SEARCH_PATHS = (
					"$(inherited)",
					"@executable_path/Frameworks",
				);
				MARKETING_VERSION = 1.0;
				PRODUCT_BUNDLE_IDENTIFIER = jonathan.iOSMiniProject;
				PRODUCT_NAME = "$(TARGET_NAME)";
				SWIFT_EMIT_LOC_STRINGS = YES;
				SWIFT_VERSION = 5.0;
				TARGETED_DEVICE_FAMILY = "1,2";
			};
			name = Debug;
		};
		DCFC24972CFF094C000B4242 /* Release */ = {
			isa = XCBuildConfiguration;
			buildSettings = {
				ASSETCATALOG_COMPILER_APPICON_NAME = AppIcon;
				ASSETCATALOG_COMPILER_GLOBAL_ACCENT_COLOR_NAME = AccentColor;
				CODE_SIGN_STYLE = Automatic;
				CURRENT_PROJECT_VERSION = 1;
				DEVELOPMENT_TEAM = Z42WC948D7;
				GENERATE_INFOPLIST_FILE = YES;
				INFOPLIST_FILE = iOSMiniProject/Info.plist;
				INFOPLIST_KEY_UIApplicationSupportsIndirectInputEvents = YES;
				INFOPLIST_KEY_UILaunchStoryboardName = LaunchScreen;
				INFOPLIST_KEY_UIMainStoryboardFile = Main;
				INFOPLIST_KEY_UISupportedInterfaceOrientations_iPad = "UIInterfaceOrientationPortrait UIInterfaceOrientationPortraitUpsideDown UIInterfaceOrientationLandscapeLeft UIInterfaceOrientationLandscapeRight";
				INFOPLIST_KEY_UISupportedInterfaceOrientations_iPhone = "UIInterfaceOrientationPortrait UIInterfaceOrientationLandscapeLeft UIInterfaceOrientationLandscapeRight";
				LD_RUNPATH_SEARCH_PATHS = (
					"$(inherited)",
					"@executable_path/Frameworks",
				);
				MARKETING_VERSION = 1.0;
				PRODUCT_BUNDLE_IDENTIFIER = jonathan.iOSMiniProject;
				PRODUCT_NAME = "$(TARGET_NAME)";
				SWIFT_EMIT_LOC_STRINGS = YES;
				SWIFT_VERSION = 5.0;
				TARGETED_DEVICE_FAMILY = "1,2";
			};
			name = Release;
		};
		DCFC24982CFF094C000B4242 /* Debug */ = {
			isa = XCBuildConfiguration;
			buildSettings = {
				ALWAYS_SEARCH_USER_PATHS = NO;
				ASSETCATALOG_COMPILER_GENERATE_SWIFT_ASSET_SYMBOL_EXTENSIONS = YES;
				CLANG_ANALYZER_NONNULL = YES;
				CLANG_ANALYZER_NUMBER_OBJECT_CONVERSION = YES_AGGRESSIVE;
				CLANG_CXX_LANGUAGE_STANDARD = "gnu++20";
				CLANG_ENABLE_MODULES = YES;
				CLANG_ENABLE_OBJC_ARC = YES;
				CLANG_ENABLE_OBJC_WEAK = YES;
				CLANG_WARN_BLOCK_CAPTURE_AUTORELEASING = YES;
				CLANG_WARN_BOOL_CONVERSION = YES;
				CLANG_WARN_COMMA = YES;
				CLANG_WARN_CONSTANT_CONVERSION = YES;
				CLANG_WARN_DEPRECATED_OBJC_IMPLEMENTATIONS = YES;
				CLANG_WARN_DIRECT_OBJC_ISA_USAGE = YES_ERROR;
				CLANG_WARN_DOCUMENTATION_COMMENTS = YES;
				CLANG_WARN_EMPTY_BODY = YES;
				CLANG_WARN_ENUM_CONVERSION = YES;
				CLANG_WARN_INFINITE_RECURSION = YES;
				CLANG_WARN_INT_CONVERSION = YES;
				CLANG_WARN_NON_LITERAL_NULL_CONVERSION = YES;
				CLANG_WARN_OBJC_IMPLICIT_RETAIN_SELF = YES;
				CLANG_WARN_OBJC_LITERAL_CONVERSION = YES;
				CLANG_WARN_OBJC_ROOT_CLASS = YES_ERROR;
				CLANG_WARN_QUOTED_INCLUDE_IN_FRAMEWORK_HEADER = YES;
				CLANG_WARN_RANGE_LOOP_ANALYSIS = YES;
				CLANG_WARN_STRICT_PROTOTYPES = YES;
				CLANG_WARN_SUSPICIOUS_MOVE = YES;
				CLANG_WARN_UNGUARDED_AVAILABILITY = YES_AGGRESSIVE;
				CLANG_WARN_UNREACHABLE_CODE = YES;
				CLANG_WARN__DUPLICATE_METHOD_MATCH = YES;
				COPY_PHASE_STRIP = NO;
				DEBUG_INFORMATION_FORMAT = dwarf;
				ENABLE_STRICT_OBJC_MSGSEND = YES;
				ENABLE_TESTABILITY = YES;
				ENABLE_USER_SCRIPT_SANDBOXING = YES;
				GCC_C_LANGUAGE_STANDARD = gnu17;
				GCC_DYNAMIC_NO_PIC = NO;
				GCC_NO_COMMON_BLOCKS = YES;
				GCC_OPTIMIZATION_LEVEL = 0;
				GCC_PREPROCESSOR_DEFINITIONS = (
					"DEBUG=1",
					"$(inherited)",
				);
				GCC_WARN_64_TO_32_BIT_CONVERSION = YES;
				GCC_WARN_ABOUT_RETURN_TYPE = YES_ERROR;
				GCC_WARN_UNDECLARED_SELECTOR = YES;
				GCC_WARN_UNINITIALIZED_AUTOS = YES_AGGRESSIVE;
				GCC_WARN_UNUSED_FUNCTION = YES;
				GCC_WARN_UNUSED_VARIABLE = YES;
				IPHONEOS_DEPLOYMENT_TARGET = 18.0;
				LOCALIZATION_PREFERS_STRING_CATALOGS = YES;
				MTL_ENABLE_DEBUG_INFO = INCLUDE_SOURCE;
				MTL_FAST_MATH = YES;
				ONLY_ACTIVE_ARCH = YES;
				SDKROOT = iphoneos;
				SWIFT_ACTIVE_COMPILATION_CONDITIONS = "DEBUG $(inherited)";
				SWIFT_OPTIMIZATION_LEVEL = "-Onone";
			};
			name = Debug;
		};
		DCFC24992CFF094C000B4242 /* Release */ = {
			isa = XCBuildConfiguration;
			buildSettings = {
				ALWAYS_SEARCH_USER_PATHS = NO;
				ASSETCATALOG_COMPILER_GENERATE_SWIFT_ASSET_SYMBOL_EXTENSIONS = YES;
				CLANG_ANALYZER_NONNULL = YES;
				CLANG_ANALYZER_NUMBER_OBJECT_CONVERSION = YES_AGGRESSIVE;
				CLANG_CXX_LANGUAGE_STANDARD = "gnu++20";
				CLANG_ENABLE_MODULES = YES;
				CLANG_ENABLE_OBJC_ARC = YES;
				CLANG_ENABLE_OBJC_WEAK = YES;
				CLANG_WARN_BLOCK_CAPTURE_AUTORELEASING = YES;
				CLANG_WARN_BOOL_CONVERSION = YES;
				CLANG_WARN_COMMA = YES;
				CLANG_WARN_CONSTANT_CONVERSION = YES;
				CLANG_WARN_DEPRECATED_OBJC_IMPLEMENTATIONS = YES;
				CLANG_WARN_DIRECT_OBJC_ISA_USAGE = YES_ERROR;
				CLANG_WARN_DOCUMENTATION_COMMENTS = YES;
				CLANG_WARN_EMPTY_BODY = YES;
				CLANG_WARN_ENUM_CONVERSION = YES;
				CLANG_WARN_INFINITE_RECURSION = YES;
				CLANG_WARN_INT_CONVERSION = YES;
				CLANG_WARN_NON_LITERAL_NULL_CONVERSION = YES;
				CLANG_WARN_OBJC_IMPLICIT_RETAIN_SELF = YES;
				CLANG_WARN_OBJC_LITERAL_CONVERSION = YES;
				CLANG_WARN_OBJC_ROOT_CLASS = YES_ERROR;
				CLANG_WARN_QUOTED_INCLUDE_IN_FRAMEWORK_HEADER = YES;
				CLANG_WARN_RANGE_LOOP_ANALYSIS = YES;
				CLANG_WARN_STRICT_PROTOTYPES = YES;
				CLANG_WARN_SUSPICIOUS_MOVE = YES;
				CLANG_WARN_UNGUARDED_AVAILABILITY = YES_AGGRESSIVE;
				CLANG_WARN_UNREACHABLE_CODE = YES;
				CLANG_WARN__DUPLICATE_METHOD_MATCH = YES;
				COPY_PHASE_STRIP = NO;
				DEBUG_INFORMATION_FORMAT = "dwarf-with-dsym";
				ENABLE_NS_ASSERTIONS = NO;
				ENABLE_STRICT_OBJC_MSGSEND = YES;
				ENABLE_USER_SCRIPT_SANDBOXING = YES;
				GCC_C_LANGUAGE_STANDARD = gnu17;
				GCC_NO_COMMON_BLOCKS = YES;
				GCC_WARN_64_TO_32_BIT_CONVERSION = YES;
				GCC_WARN_ABOUT_RETURN_TYPE = YES_ERROR;
				GCC_WARN_UNDECLARED_SELECTOR = YES;
				GCC_WARN_UNINITIALIZED_AUTOS = YES_AGGRESSIVE;
				GCC_WARN_UNUSED_FUNCTION = YES;
				GCC_WARN_UNUSED_VARIABLE = YES;
				IPHONEOS_DEPLOYMENT_TARGET = 18.0;
				LOCALIZATION_PREFERS_STRING_CATALOGS = YES;
				MTL_ENABLE_DEBUG_INFO = NO;
				MTL_FAST_MATH = YES;
				SDKROOT = iphoneos;
				SWIFT_COMPILATION_MODE = wholemodule;
				VALIDATE_PRODUCT = YES;
			};
			name = Release;
		};
		DCFC249B2CFF094C000B4242 /* Debug */ = {
			isa = XCBuildConfiguration;
			buildSettings = {
				BUNDLE_LOADER = "$(TEST_HOST)";
				CODE_SIGN_STYLE = Automatic;
				CURRENT_PROJECT_VERSION = 1;
				DEVELOPMENT_TEAM = Z42WC948D7;
				GENERATE_INFOPLIST_FILE = YES;
				IPHONEOS_DEPLOYMENT_TARGET = 18.0;
				MARKETING_VERSION = 1.0;
				PRODUCT_BUNDLE_IDENTIFIER = jonathan.iOSMiniProjectTests;
				PRODUCT_NAME = "$(TARGET_NAME)";
				SWIFT_EMIT_LOC_STRINGS = NO;
				SWIFT_VERSION = 5.0;
				TARGETED_DEVICE_FAMILY = "1,2";
				TEST_HOST = "$(BUILT_PRODUCTS_DIR)/iOSMiniProject.app/$(BUNDLE_EXECUTABLE_FOLDER_PATH)/iOSMiniProject";
			};
			name = Debug;
		};
		DCFC249C2CFF094C000B4242 /* Release */ = {
			isa = XCBuildConfiguration;
			buildSettings = {
				BUNDLE_LOADER = "$(TEST_HOST)";
				CODE_SIGN_STYLE = Automatic;
				CURRENT_PROJECT_VERSION = 1;
				DEVELOPMENT_TEAM = Z42WC948D7;
				GENERATE_INFOPLIST_FILE = YES;
				IPHONEOS_DEPLOYMENT_TARGET = 18.0;
				MARKETING_VERSION = 1.0;
				PRODUCT_BUNDLE_IDENTIFIER = jonathan.iOSMiniProjectTests;
				PRODUCT_NAME = "$(TARGET_NAME)";
				SWIFT_EMIT_LOC_STRINGS = NO;
				SWIFT_VERSION = 5.0;
				TARGETED_DEVICE_FAMILY = "1,2";
				TEST_HOST = "$(BUILT_PRODUCTS_DIR)/iOSMiniProject.app/$(BUNDLE_EXECUTABLE_FOLDER_PATH)/iOSMiniProject";
			};
			name = Release;
		};
		DCFC249E2CFF094C000B4242 /* Debug */ = {
			isa = XCBuildConfiguration;
			buildSettings = {
				CODE_SIGN_STYLE = Automatic;
				CURRENT_PROJECT_VERSION = 1;
				DEVELOPMENT_TEAM = Z42WC948D7;
				GENERATE_INFOPLIST_FILE = YES;
				MARKETING_VERSION = 1.0;
				PRODUCT_BUNDLE_IDENTIFIER = jonathan.iOSMiniProjectUITests;
				PRODUCT_NAME = "$(TARGET_NAME)";
				SWIFT_EMIT_LOC_STRINGS = NO;
				SWIFT_VERSION = 5.0;
				TARGETED_DEVICE_FAMILY = "1,2";
				TEST_TARGET_NAME = iOSMiniProject;
			};
			name = Debug;
		};
		DCFC249F2CFF094C000B4242 /* Release */ = {
			isa = XCBuildConfiguration;
			buildSettings = {
				CODE_SIGN_STYLE = Automatic;
				CURRENT_PROJECT_VERSION = 1;
				DEVELOPMENT_TEAM = Z42WC948D7;
				GENERATE_INFOPLIST_FILE = YES;
				MARKETING_VERSION = 1.0;
				PRODUCT_BUNDLE_IDENTIFIER = jonathan.iOSMiniProjectUITests;
				PRODUCT_NAME = "$(TARGET_NAME)";
				SWIFT_EMIT_LOC_STRINGS = NO;
				SWIFT_VERSION = 5.0;
				TARGETED_DEVICE_FAMILY = "1,2";
				TEST_TARGET_NAME = iOSMiniProject;
			};
			name = Release;
		};
/* End XCBuildConfiguration section */

/* Begin XCConfigurationList section */
		DCFC24672CFF094A000B4242 /* Build configuration list for PBXProject "iOSMiniProject" */ = {
			isa = XCConfigurationList;
			buildConfigurations = (
				DCFC24982CFF094C000B4242 /* Debug */,
				DCFC24992CFF094C000B4242 /* Release */,
			);
			defaultConfigurationIsVisible = 0;
			defaultConfigurationName = Release;
		};
		DCFC24952CFF094C000B4242 /* Build configuration list for PBXNativeTarget "iOSMiniProject" */ = {
			isa = XCConfigurationList;
			buildConfigurations = (
				DCFC24962CFF094C000B4242 /* Debug */,
				DCFC24972CFF094C000B4242 /* Release */,
			);
			defaultConfigurationIsVisible = 0;
			defaultConfigurationName = Release;
		};
		DCFC249A2CFF094C000B4242 /* Build configuration list for PBXNativeTarget "iOSMiniProjectTests" */ = {
			isa = XCConfigurationList;
			buildConfigurations = (
				DCFC249B2CFF094C000B4242 /* Debug */,
				DCFC249C2CFF094C000B4242 /* Release */,
			);
			defaultConfigurationIsVisible = 0;
			defaultConfigurationName = Release;
		};
		DCFC249D2CFF094C000B4242 /* Build configuration list for PBXNativeTarget "iOSMiniProjectUITests" */ = {
			isa = XCConfigurationList;
			buildConfigurations = (
				DCFC249E2CFF094C000B4242 /* Debug */,
				DCFC249F2CFF094C000B4242 /* Release */,
			);
			defaultConfigurationIsVisible = 0;
			defaultConfigurationName = Release;
		};
/* End XCConfigurationList section */
	};
	rootObject = DCFC24642CFF094A000B4242 /* Project object */;
}
